PODS:
  - KSCrash/Core (1.15.18):
    - KSCrash/Reporting/Filters/Basic
  - KSCrash/Recording (1.15.18):
    - KSCrash/Recording/Tools (= 1.15.18)
  - KSCrash/Recording/Tools (1.15.18)
  - KSCrash/Reporting/Filters/Base (1.15.18):
    - KSCrash/Recording
  - KSCrash/Reporting/Filters/Basic (1.15.18):
    - KSCrash/Recording
    - KSCrash/Reporting/Filters/Base
  - Sentry (3.11.1):
    - Sentry/Core (= 3.11.1)
    - Sentry/KSCrash (= 3.11.1)
  - Sentry/Core (3.11.1)
  - Sentry/KSCrash (3.11.1):
    - KSCrash/Core (~> 1.15.12)

DEPENDENCIES:
  - Sentry (from `https://github.com/getsentry/sentry-cocoa.git`, tag `3.11.1`)

SPEC REPOS:
  https://github.com/cocoapods/specs.git:
    - KSCrash

EXTERNAL SOURCES:
  Sentry:
    :git: https://github.com/getsentry/sentry-cocoa.git
    :tag: 3.11.1

CHECKOUT OPTIONS:
  Sentry:
    :git: https://github.com/getsentry/sentry-cocoa.git
    :tag: 3.11.1

SPEC CHECKSUMS:
  KSCrash: 5394936f41e5c1ef7b79cf79b30d53299b0c160e
  Sentry: 1d8e03901b062b0317174efefa7f97a4ab16fa9a

PODFILE CHECKSUM: 4b4e5391e659d36f6b2251e30d8571aa5d68753c

COCOAPODS: 1.5.3
